
Microsoft Visual Studio Solution File, Format Version 12.00
# Visual Studio Version 17
VisualStudioVersion = 17.0.31903.59
MinimumVisualStudioVersion = 10.0.40219.1
Project("{FAE04EC0-301F-11D3-BF4B-00C04F79EFBC}") = "NewTestament5DayLibrary.Core", "NewTestament5DayLibrary.Core.csproj", "{E9F1EB3B-6515-4636-B2D7-3D9B371ECB22}"
EndProject
Global
	GlobalSection(SolutionConfigurationPlatforms) = preSolution
		Debug|Any CPU = Debug|Any CPU
		Release|Any CPU = Release|Any CPU
	EndGlobalSection
	GlobalSection(ProjectConfigurationPlatforms) = postSolution
		{E9F1EB3B-6515-4636-B2D7-3D9B371ECB22}.Debug|Any CPU.ActiveCfg = Debug|Any CPU
		{E9F1EB3B-6515-4636-B2D7-3D9B371ECB22}.Debug|Any CPU.Build.0 = Debug|Any CPU
		{E9F1EB3B-6515-4636-B2D7-3D9B371ECB22}.Release|Any CPU.ActiveCfg = Release|Any CPU
		{E9F1EB3B-6515-4636-B2D7-3D9B371ECB22}.Release|Any CPU.Build.0 = Release|Any CPU
	EndGlobalSection
	GlobalSection(SolutionProperties) = preSolution
		HideSolutionNode = FALSE
	EndGlobalSection
	GlobalSection(ExtensibilityGlobals) = postSolution
		SolutionGuid = {AE66E922-3178-4720-9921-2E610A8E649D}
	EndGlobalSection
EndGlobal
